
Microsoft Visual Studio Solution File, Format Version 12.00
# Visual Studio Version 16
VisualStudioVersion = 16.0.31702.278
MinimumVisualStudioVersion = 10.0.40219.1
Project("{FAE04EC0-301F-11D3-BF4B-00C04F79EFBC}") = "Coding Exercises", "Coding Exercises\Coding Exercises.csproj", "{145B5D25-32B0-4D28-A7CB-6DE83B3E1989}"
EndProject
Global
	GlobalSection(SolutionConfigurationPlatforms) = preSolution
		Debug|Any CPU = Debug|Any CPU
		Release|Any CPU = Release|Any CPU
	EndGlobalSection
	GlobalSection(ProjectConfigurationPlatforms) = postSolution
		{145B5D25-32B0-4D28-A7CB-6DE83B3E1989}.Debug|Any CPU.ActiveCfg = Debug|Any CPU
		{145B5D25-32B0-4D28-A7CB-6DE83B3E1989}.Debug|Any CPU.Build.0 = Debug|Any CPU
		{145B5D25-32B0-4D28-A7CB-6DE83B3E1989}.Release|Any CPU.ActiveCfg = Release|Any CPU
		{145B5D25-32B0-4D28-A7CB-6DE83B3E1989}.Release|Any CPU.Build.0 = Release|Any CPU
	EndGlobalSection
	GlobalSection(SolutionProperties) = preSolution
		HideSolutionNode = FALSE
	EndGlobalSection
	GlobalSection(ExtensibilityGlobals) = postSolution
		SolutionGuid = {1CD29FF9-BEEB-47A4-9FB1-E8742B2694F7}
	EndGlobalSection
EndGlobal
